
Microsoft Visual Studio Solution File, Format Version 12.00
# Visual Studio 15
VisualStudioVersion = 15.0.28307.572
MinimumVisualStudioVersion = 10.0.40219.1
Project("{FAE04EC0-301F-11D3-BF4B-00C04F79EFBC}") = "WindowsPC-client", "WindowsPC-client\WindowsPC-client.csproj", "{0868F13E-1882-473E-B622-94B9C127EBFD}"
EndProject
Global
	GlobalSection(SolutionConfigurationPlatforms) = preSolution
		Debug|Any CPU = Debug|Any CPU
		Release|Any CPU = Release|Any CPU
	EndGlobalSection
	GlobalSection(ProjectConfigurationPlatforms) = postSolution
		{0868F13E-1882-473E-B622-94B9C127EBFD}.Debug|Any CPU.ActiveCfg = Debug|Any CPU
		{0868F13E-1882-473E-B622-94B9C127EBFD}.Debug|Any CPU.Build.0 = Debug|Any CPU
		{0868F13E-1882-473E-B622-94B9C127EBFD}.Release|Any CPU.ActiveCfg = Release|Any CPU
		{0868F13E-1882-473E-B622-94B9C127EBFD}.Release|Any CPU.Build.0 = Release|Any CPU
	EndGlobalSection
	GlobalSection(SolutionProperties) = preSolution
		HideSolutionNode = FALSE
	EndGlobalSection
	GlobalSection(ExtensibilityGlobals) = postSolution
		SolutionGuid = {447938C3-3846-43F6-BDFD-631A5F65C475}
	EndGlobalSection
EndGlobal
